# This file is generated by running "yarn install" inside your project.
# Manual changes might be lost - proceed with caution!

__metadata:
  version: 8
  cacheKey: 10

"assemblyscript@npm:^0.23.1":
  version: 0.23.1
  resolution: "assemblyscript@npm:0.23.1"
  dependencies:
    binaryen: "npm:110.0.0-nightly.20221105"
    long: "npm:^5.2.0"
  bin:
    asc: bin/asc.js
    asinit: bin/asinit.js
  checksum: 10/483e28ac3feecc7f5f7088503918a69b180987fec54b9729837d0a7e241b1aae96cde64326f720fb830e10dbc9ba48a96406cb9be88122caa22c0fce29e1519f
  languageName: node
  linkType: hard

"binaryen@npm:110.0.0-nightly.20221105":
  version: 110.0.0-nightly.20221105
  resolution: "binaryen@npm:110.0.0-nightly.20221105"
  bin:
    wasm-opt: bin/wasm-opt
    wasm2js: bin/wasm2js
  checksum: 10/1078811b41b5e0ae47150aedcdccd583479f2b4edb3253178a88a2ba1422052d2970e2d18903eb28c285f8ee8ceb846a4403be9dc7048bf9d245c9d061987d23
  languageName: node
  linkType: hard

"long@npm:^5.2.0":
  version: 5.2.1
  resolution: "long@npm:5.2.1"
  checksum: 10/2985ebc76c618ce1e13391de9893cb42359d389f30fed6150dbfb21a2c2a26fd2f88fa37c1499aa27d06349a003e75fa283c5a74b588db1a9daeea2693afb431
  languageName: node
  linkType: hard

"root-workspace-0b6124@workspace:.":
  version: 0.0.0-use.local
  resolution: "root-workspace-0b6124@workspace:."
  dependencies:
    assemblyscript: "npm:^0.23.1"
  languageName: unknown
  linkType: soft
