# This file is generated by running "yarn install" inside your project.
# Manual changes might be lost - proceed with caution!

__metadata:
  version: 8
  cacheKey: 10

"assemblyscript@npm:^0.27.29":
  version: 0.27.29
  resolution: "assemblyscript@npm:0.27.29"
  dependencies:
    binaryen: "npm:116.0.0-nightly.20240114"
    long: "npm:^5.2.1"
  bin:
    asc: bin/asc.js
    asinit: bin/asinit.js
  checksum: 10/d680f109dc5fa2c1c969daf1e703fe75a43c0b875850548432ec138922237eacb481e99ca072438a762b92aea85a8a75a4809a80c6181ec996844a5f355f4dc5
  languageName: node
  linkType: hard

"binaryen@npm:116.0.0-nightly.20240114":
  version: 116.0.0-nightly.20240114
  resolution: "binaryen@npm:116.0.0-nightly.20240114"
  bin:
    wasm-opt: bin/wasm-opt
    wasm2js: bin/wasm2js
  checksum: 10/9850a7fc1ad2f4a1e96e3106e7d0addef6fe778620eda25c3dff85df39044c6e47ce8ba01d37e4e5a9f4b78c78e377d26ad159759490993a9e998a17b128c6f2
  languageName: node
  linkType: hard

"long@npm:^5.2.1":
  version: 5.2.3
  resolution: "long@npm:5.2.3"
  checksum: 10/9167ec6947a825b827c30da169a7384eec6c0c9ec2f0b9c74da2e93d81159bbe39fb09c3f13dae9721d4b807ccfa09797a7dd1012f5d478e3e33ca3c78b608e6
  languageName: node
  linkType: hard

"root-workspace-0b6124@workspace:.":
  version: 0.0.0-use.local
  resolution: "root-workspace-0b6124@workspace:."
  dependencies:
    assemblyscript: "npm:^0.27.29"
  languageName: unknown
  linkType: soft
